
Microsoft Visual Studio Solution File, Format Version 12.00
# Visual Studio Version 16
VisualStudioVersion = 16.0.29009.5
MinimumVisualStudioVersion = 10.0.40219.1
Project("{9A19103F-16F7-4668-BE54-9A1E7A4F7556}") = "MediaServer", "MediaServer\MediaServer.csproj", "{94268459-4AF1-4D4F-8E9E-A1852B0AB3C7}"
EndProject
Project("{9A19103F-16F7-4668-BE54-9A1E7A4F7556}") = "Utility", "Utility\Utility.csproj", "{E6449255-EC5C-464A-BD08-F79803FB75E0}"
EndProject
Project("{FAE04EC0-301F-11D3-BF4B-00C04F79EFBC}") = "Utility.Tests", "Utility.Tests\Utility.Tests.csproj", "{D64BEE1B-085F-4711-9D64-63FAA9229EAF}"
EndProject
Global
	GlobalSection(SolutionConfigurationPlatforms) = preSolution
		Debug|Any CPU = Debug|Any CPU
		Release|Any CPU = Release|Any CPU
	EndGlobalSection
	GlobalSection(ProjectConfigurationPlatforms) = postSolution
		{94268459-4AF1-4D4F-8E9E-A1852B0AB3C7}.Debug|Any CPU.ActiveCfg = Debug|Any CPU
		{94268459-4AF1-4D4F-8E9E-A1852B0AB3C7}.Debug|Any CPU.Build.0 = Debug|Any CPU
		{94268459-4AF1-4D4F-8E9E-A1852B0AB3C7}.Release|Any CPU.ActiveCfg = Release|Any CPU
		{94268459-4AF1-4D4F-8E9E-A1852B0AB3C7}.Release|Any CPU.Build.0 = Release|Any CPU
		{E6449255-EC5C-464A-BD08-F79803FB75E0}.Debug|Any CPU.ActiveCfg = Debug|Any CPU
		{E6449255-EC5C-464A-BD08-F79803FB75E0}.Debug|Any CPU.Build.0 = Debug|Any CPU
		{E6449255-EC5C-464A-BD08-F79803FB75E0}.Release|Any CPU.ActiveCfg = Release|Any CPU
		{E6449255-EC5C-464A-BD08-F79803FB75E0}.Release|Any CPU.Build.0 = Release|Any CPU
		{D64BEE1B-085F-4711-9D64-63FAA9229EAF}.Debug|Any CPU.ActiveCfg = Debug|Any CPU
		{D64BEE1B-085F-4711-9D64-63FAA9229EAF}.Debug|Any CPU.Build.0 = Debug|Any CPU
		{D64BEE1B-085F-4711-9D64-63FAA9229EAF}.Release|Any CPU.ActiveCfg = Release|Any CPU
		{D64BEE1B-085F-4711-9D64-63FAA9229EAF}.Release|Any CPU.Build.0 = Release|Any CPU
	EndGlobalSection
	GlobalSection(SolutionProperties) = preSolution
		HideSolutionNode = FALSE
	EndGlobalSection
	GlobalSection(ExtensibilityGlobals) = postSolution
		SolutionGuid = {6CEA8462-13FB-4641-A832-7B2B5F4362DA}
	EndGlobalSection
EndGlobal
